
Microsoft Visual Studio Solution File, Format Version 12.00
# Visual Studio 2012
Project("{FAE04EC0-301F-11D3-BF4B-00C04F79EFBC}") = "spiderbot", "spiderbot\spiderbot.csproj", "{6963EA17-F9F0-441E-AC45-88982F507CF6}"
EndProject
Project("{FAE04EC0-301F-11D3-BF4B-00C04F79EFBC}") = "spiderbot.iOS", "iOS\spiderbot.iOS.csproj", "{632718E9-0587-4661-B312-8CAD2752E055}"
EndProject
Project("{FAE04EC0-301F-11D3-BF4B-00C04F79EFBC}") = "spiderbot.Droid", "Droid\spiderbot.Droid.csproj", "{8F3A6B15-B728-4D10-9FC4-EEDADCA4BF4D}"
EndProject
Project("{FAE04EC0-301F-11D3-BF4B-00C04F79EFBC}") = "spiderbot.UITests", "UITests\spiderbot.UITests.csproj", "{7CA13CF2-C352-4ED4-BC58-EC02D5277756}"
EndProject
Global
	GlobalSection(SolutionConfigurationPlatforms) = preSolution
		Debug|Any CPU = Debug|Any CPU
		Release|Any CPU = Release|Any CPU
		Debug|iPhoneSimulator = Debug|iPhoneSimulator
		Release|iPhone = Release|iPhone
		Release|iPhoneSimulator = Release|iPhoneSimulator
		Debug|iPhone = Debug|iPhone
	EndGlobalSection
	GlobalSection(ProjectConfigurationPlatforms) = postSolution
		{632718E9-0587-4661-B312-8CAD2752E055}.Debug|Any CPU.ActiveCfg = Debug|iPhoneSimulator
		{632718E9-0587-4661-B312-8CAD2752E055}.Debug|Any CPU.Build.0 = Debug|iPhoneSimulator
		{632718E9-0587-4661-B312-8CAD2752E055}.Debug|iPhone.ActiveCfg = Debug|iPhone
		{632718E9-0587-4661-B312-8CAD2752E055}.Debug|iPhone.Build.0 = Debug|iPhone
		{632718E9-0587-4661-B312-8CAD2752E055}.Debug|iPhoneSimulator.ActiveCfg = Debug|iPhoneSimulator
		{632718E9-0587-4661-B312-8CAD2752E055}.Debug|iPhoneSimulator.Build.0 = Debug|iPhoneSimulator
		{632718E9-0587-4661-B312-8CAD2752E055}.Release|Any CPU.ActiveCfg = Release|iPhone
		{632718E9-0587-4661-B312-8CAD2752E055}.Release|Any CPU.Build.0 = Release|iPhone
		{632718E9-0587-4661-B312-8CAD2752E055}.Release|iPhone.ActiveCfg = Release|iPhone
		{632718E9-0587-4661-B312-8CAD2752E055}.Release|iPhone.Build.0 = Release|iPhone
		{632718E9-0587-4661-B312-8CAD2752E055}.Release|iPhoneSimulator.ActiveCfg = Release|iPhoneSimulator
		{632718E9-0587-4661-B312-8CAD2752E055}.Release|iPhoneSimulator.Build.0 = Release|iPhoneSimulator
		{6963EA17-F9F0-441E-AC45-88982F507CF6}.Debug|Any CPU.ActiveCfg = Debug|Any CPU
		{6963EA17-F9F0-441E-AC45-88982F507CF6}.Debug|Any CPU.Build.0 = Debug|Any CPU
		{6963EA17-F9F0-441E-AC45-88982F507CF6}.Debug|iPhone.ActiveCfg = Debug|Any CPU
		{6963EA17-F9F0-441E-AC45-88982F507CF6}.Debug|iPhone.Build.0 = Debug|Any CPU
		{6963EA17-F9F0-441E-AC45-88982F507CF6}.Debug|iPhoneSimulator.ActiveCfg = Debug|Any CPU
		{6963EA17-F9F0-441E-AC45-88982F507CF6}.Debug|iPhoneSimulator.Build.0 = Debug|Any CPU
		{6963EA17-F9F0-441E-AC45-88982F507CF6}.Release|Any CPU.ActiveCfg = Release|Any CPU
		{6963EA17-F9F0-441E-AC45-88982F507CF6}.Release|Any CPU.Build.0 = Release|Any CPU
		{6963EA17-F9F0-441E-AC45-88982F507CF6}.Release|iPhone.ActiveCfg = Release|Any CPU
		{6963EA17-F9F0-441E-AC45-88982F507CF6}.Release|iPhone.Build.0 = Release|Any CPU
		{6963EA17-F9F0-441E-AC45-88982F507CF6}.Release|iPhoneSimulator.ActiveCfg = Release|Any CPU
		{6963EA17-F9F0-441E-AC45-88982F507CF6}.Release|iPhoneSimulator.Build.0 = Release|Any CPU
		{7CA13CF2-C352-4ED4-BC58-EC02D5277756}.Debug|Any CPU.ActiveCfg = Debug|Any CPU
		{7CA13CF2-C352-4ED4-BC58-EC02D5277756}.Debug|Any CPU.Build.0 = Debug|Any CPU
		{7CA13CF2-C352-4ED4-BC58-EC02D5277756}.Debug|iPhone.ActiveCfg = Debug|Any CPU
		{7CA13CF2-C352-4ED4-BC58-EC02D5277756}.Debug|iPhone.Build.0 = Debug|Any CPU
		{7CA13CF2-C352-4ED4-BC58-EC02D5277756}.Debug|iPhoneSimulator.ActiveCfg = Debug|Any CPU
		{7CA13CF2-C352-4ED4-BC58-EC02D5277756}.Debug|iPhoneSimulator.Build.0 = Debug|Any CPU
		{7CA13CF2-C352-4ED4-BC58-EC02D5277756}.Release|Any CPU.ActiveCfg = Release|Any CPU
		{7CA13CF2-C352-4ED4-BC58-EC02D5277756}.Release|Any CPU.Build.0 = Release|Any CPU
		{7CA13CF2-C352-4ED4-BC58-EC02D5277756}.Release|iPhone.ActiveCfg = Release|Any CPU
		{7CA13CF2-C352-4ED4-BC58-EC02D5277756}.Release|iPhone.Build.0 = Release|Any CPU
		{7CA13CF2-C352-4ED4-BC58-EC02D5277756}.Release|iPhoneSimulator.ActiveCfg = Release|Any CPU
		{7CA13CF2-C352-4ED4-BC58-EC02D5277756}.Release|iPhoneSimulator.Build.0 = Release|Any CPU
		{8F3A6B15-B728-4D10-9FC4-EEDADCA4BF4D}.Debug|Any CPU.ActiveCfg = Debug|Any CPU
		{8F3A6B15-B728-4D10-9FC4-EEDADCA4BF4D}.Debug|Any CPU.Build.0 = Debug|Any CPU
		{8F3A6B15-B728-4D10-9FC4-EEDADCA4BF4D}.Debug|iPhone.ActiveCfg = Debug|Any CPU
		{8F3A6B15-B728-4D10-9FC4-EEDADCA4BF4D}.Debug|iPhone.Build.0 = Debug|Any CPU
		{8F3A6B15-B728-4D10-9FC4-EEDADCA4BF4D}.Debug|iPhoneSimulator.ActiveCfg = Debug|Any CPU
		{8F3A6B15-B728-4D10-9FC4-EEDADCA4BF4D}.Debug|iPhoneSimulator.Build.0 = Debug|Any CPU
		{8F3A6B15-B728-4D10-9FC4-EEDADCA4BF4D}.Release|Any CPU.ActiveCfg = Release|Any CPU
		{8F3A6B15-B728-4D10-9FC4-EEDADCA4BF4D}.Release|Any CPU.Build.0 = Release|Any CPU
		{8F3A6B15-B728-4D10-9FC4-EEDADCA4BF4D}.Release|iPhone.ActiveCfg = Release|Any CPU
		{8F3A6B15-B728-4D10-9FC4-EEDADCA4BF4D}.Release|iPhone.Build.0 = Release|Any CPU
		{8F3A6B15-B728-4D10-9FC4-EEDADCA4BF4D}.Release|iPhoneSimulator.ActiveCfg = Release|Any CPU
		{8F3A6B15-B728-4D10-9FC4-EEDADCA4BF4D}.Release|iPhoneSimulator.Build.0 = Release|Any CPU
	EndGlobalSection
EndGlobal
